
Microsoft Visual Studio Solution File, Format Version 12.00
# Visual Studio 15
VisualStudioVersion = 15.0.28307.329
MinimumVisualStudioVersion = 10.0.40219.1
Project("{FAE04EC0-301F-11D3-BF4B-00C04F79EFBC}") = "DiscussionHub", "DiscussionHub\DiscussionHub.csproj", "{9C2809BB-BC16-4CAF-B993-2301B355446A}"
EndProject
Global
	GlobalSection(SolutionConfigurationPlatforms) = preSolution
		Debug|Any CPU = Debug|Any CPU
		Release|Any CPU = Release|Any CPU
	EndGlobalSection
	GlobalSection(ProjectConfigurationPlatforms) = postSolution
		{9C2809BB-BC16-4CAF-B993-2301B355446A}.Debug|Any CPU.ActiveCfg = Debug|Any CPU
		{9C2809BB-BC16-4CAF-B993-2301B355446A}.Debug|Any CPU.Build.0 = Debug|Any CPU
		{9C2809BB-BC16-4CAF-B993-2301B355446A}.Release|Any CPU.ActiveCfg = Release|Any CPU
		{9C2809BB-BC16-4CAF-B993-2301B355446A}.Release|Any CPU.Build.0 = Release|Any CPU
	EndGlobalSection
	GlobalSection(SolutionProperties) = preSolution
		HideSolutionNode = FALSE
	EndGlobalSection
	GlobalSection(ExtensibilityGlobals) = postSolution
		SolutionGuid = {83D4367B-5EB3-4020-B0D9-2764BCF7DC47}
	EndGlobalSection
EndGlobal
